Microsoft Visual Studio Solution File, Format Version 12.00
# Visual Studio Version 17
VisualStudioVersion = 17.5.2.0
MinimumVisualStudioVersion = 10.0.40219.1
Project("{FAE04EC0-301F-11D3-BF4B-00C04F79EFBC}") = "ArcGisWpfApp", "ArcGisWpfApp.csproj", "{BC91CB02-FEAB-C1CE-B413-FDC6E9B69AAA}"
EndProject
Global
	GlobalSection(SolutionConfigurationPlatforms) = preSolution
		Debug|Any CPU = Debug|Any CPU
		Release|Any CPU = Release|Any CPU
	EndGlobalSection
	GlobalSection(ProjectConfigurationPlatforms) = postSolution
		{BC91CB02-FEAB-C1CE-B413-FDC6E9B69AAA}.Debug|Any CPU.ActiveCfg = Debug|Any CPU
		{BC91CB02-FEAB-C1CE-B413-FDC6E9B69AAA}.Debug|Any CPU.Build.0 = Debug|Any CPU
		{BC91CB02-FEAB-C1CE-B413-FDC6E9B69AAA}.Release|Any CPU.ActiveCfg = Release|Any CPU
		{BC91CB02-FEAB-C1CE-B413-FDC6E9B69AAA}.Release|Any CPU.Build.0 = Release|Any CPU
	EndGlobalSection
	GlobalSection(SolutionProperties) = preSolution
		HideSolutionNode = FALSE
	EndGlobalSection
	GlobalSection(ExtensibilityGlobals) = postSolution
		SolutionGuid = {5B9B7A63-F18B-41A9-A9BA-85EC1F217978}
	EndGlobalSection
EndGlobal
